
Microsoft Visual Studio Solution File, Format Version 12.00
# Visual Studio Version 17
VisualStudioVersion = 17.8.34309.116
MinimumVisualStudioVersion = 10.0.40219.1
Project("{FAE04EC0-301F-11D3-BF4B-00C04F79EFBC}") = "SMZ3.Countdown.Function", "SMZ3.Countdown.Function.csproj", "{36471505-CD17-41FA-AF97-95053FEC3B4C}"
EndProject
Global
	GlobalSection(SolutionConfigurationPlatforms) = preSolution
		Debug|Any CPU = Debug|Any CPU
		Release|Any CPU = Release|Any CPU
	EndGlobalSection
	GlobalSection(ProjectConfigurationPlatforms) = postSolution
		{36471505-CD17-41FA-AF97-95053FEC3B4C}.Debug|Any CPU.ActiveCfg = Debug|Any CPU
		{36471505-CD17-41FA-AF97-95053FEC3B4C}.Debug|Any CPU.Build.0 = Debug|Any CPU
		{36471505-CD17-41FA-AF97-95053FEC3B4C}.Release|Any CPU.ActiveCfg = Release|Any CPU
		{36471505-CD17-41FA-AF97-95053FEC3B4C}.Release|Any CPU.Build.0 = Release|Any CPU
	EndGlobalSection
	GlobalSection(SolutionProperties) = preSolution
		HideSolutionNode = FALSE
	EndGlobalSection
	GlobalSection(ExtensibilityGlobals) = postSolution
		SolutionGuid = {E5FC4B15-049C-4A14-B402-6CE6980BAE2F}
	EndGlobalSection
EndGlobal
